// !$*UTF8*$!
{
	archiveVersion = 1;
	classes = {
	};
	objectVersion = 56;
	objects = {

/* Begin PBXBuildFile section */
		6558F1092C16E980003055C2 /* UIView+Extensions.swift in Sources */ = {isa = PBXBuildFile; fileRef = 6558F1082C16E980003055C2 /* UIView+Extensions.swift */; };
		6558F10C2C16EC30003055C2 /* ProductCell.swift in Sources */ = {isa = PBXBuildFile; fileRef = 6558F10B2C16EC30003055C2 /* ProductCell.swift */; };
		659F4C942C1C869C003B541D /* MainPresenter.swift in Sources */ = {isa = PBXBuildFile; fileRef = 659F4C932C1C869C003B541D /* MainPresenter.swift */; };
		659F4C962C1C8824003B541D /* MainInteractor.swift in Sources */ = {isa = PBXBuildFile; fileRef = 659F4C952C1C8824003B541D /* MainInteractor.swift */; };
		659F4C982C1C8B2D003B541D /* MainRouter.swift in Sources */ = {isa = PBXBuildFile; fileRef = 659F4C972C1C8B2D003B541D /* MainRouter.swift */; };
		65B20A532C1B371C00C79FCF /* StorageManager.swift in Sources */ = {isa = PBXBuildFile; fileRef = 65B20A522C1B371C00C79FCF /* StorageManager.swift */; };
		65F4926D2C1088FC00F4BCE2 /* AppDelegate.swift in Sources */ = {isa = PBXBuildFile; fileRef = 65F4926C2C1088FC00F4BCE2 /* AppDelegate.swift */; };
		65F4926F2C1088FC00F4BCE2 /* SceneDelegate.swift in Sources */ = {isa = PBXBuildFile; fileRef = 65F4926E2C1088FC00F4BCE2 /* SceneDelegate.swift */; };
		65F492712C1088FC00F4BCE2 /* MainVC.swift in Sources */ = {isa = PBXBuildFile; fileRef = 65F492702C1088FC00F4BCE2 /* MainVC.swift */; };
		65F492772C1088FC00F4BCE2 /* UIKitTestApp.xcdatamodeld in Sources */ = {isa = PBXBuildFile; fileRef = 65F492752C1088FC00F4BCE2 /* UIKitTestApp.xcdatamodeld */; };
		65F492792C1088FD00F4BCE2 /* Assets.xcassets in Resources */ = {isa = PBXBuildFile; fileRef = 65F492782C1088FD00F4BCE2 /* Assets.xcassets */; };
		65F492A02C11E1F700F4BCE2 /* Models.swift in Sources */ = {isa = PBXBuildFile; fileRef = 65F4929F2C11E1F700F4BCE2 /* Models.swift */; };
		65F492A22C11E34800F4BCE2 /* NetworkManager.swift in Sources */ = {isa = PBXBuildFile; fileRef = 65F492A12C11E34800F4BCE2 /* NetworkManager.swift */; };
		65F492A42C1256BA00F4BCE2 /* APIEndpoints.swift in Sources */ = {isa = PBXBuildFile; fileRef = 65F492A32C1256BA00F4BCE2 /* APIEndpoints.swift */; };
/* End PBXBuildFile section */

/* Begin PBXFileReference section */
		6558F1082C16E980003055C2 /* UIView+Extensions.swift */ = {isa = PBXFileReference; lastKnownFileType = sourcecode.swift; path = "UIView+Extensions.swift"; sourceTree = "<group>"; };
		6558F10B2C16EC30003055C2 /* ProductCell.swift */ = {isa = PBXFileReference; lastKnownFileType = sourcecode.swift; path = ProductCell.swift; sourceTree = "<group>"; };
		659F4C932C1C869C003B541D /* MainPresenter.swift */ = {isa = PBXFileReference; lastKnownFileType = sourcecode.swift; path = MainPresenter.swift; sourceTree = "<group>"; };
		659F4C952C1C8824003B541D /* MainInteractor.swift */ = {isa = PBXFileReference; lastKnownFileType = sourcecode.swift; path = MainInteractor.swift; sourceTree = "<group>"; };
		659F4C972C1C8B2D003B541D /* MainRouter.swift */ = {isa = PBXFileReference; lastKnownFileType = sourcecode.swift; path = MainRouter.swift; sourceTree = "<group>"; };
		65B20A522C1B371C00C79FCF /* StorageManager.swift */ = {isa = PBXFileReference; lastKnownFileType = sourcecode.swift; path = StorageManager.swift; sourceTree = "<group>"; };
		65F492692C1088FC00F4BCE2 /* UIKitTestApp.app */ = {isa = PBXFileReference; explicitFileType = wrapper.application; includeInIndex = 0; path = UIKitTestApp.app; sourceTree = BUILT_PRODUCTS_DIR; };
		65F4926C2C1088FC00F4BCE2 /* AppDelegate.swift */ = {isa = PBXFileReference; lastKnownFileType = sourcecode.swift; path = AppDelegate.swift; sourceTree = "<group>"; };
		65F4926E2C1088FC00F4BCE2 /* SceneDelegate.swift */ = {isa = PBXFileReference; lastKnownFileType = sourcecode.swift; path = SceneDelegate.swift; sourceTree = "<group>"; };
		65F492702C1088FC00F4BCE2 /* MainVC.swift */ = {isa = PBXFileReference; lastKnownFileType = sourcecode.swift; path = MainVC.swift; sourceTree = "<group>"; };
		65F492762C1088FC00F4BCE2 /* UIKitTestApp.xcdatamodel */ = {isa = PBXFileReference; lastKnownFileType = wrapper.xcdatamodel; path = UIKitTestApp.xcdatamodel; sourceTree = "<group>"; };
		65F492782C1088FD00F4BCE2 /* Assets.xcassets */ = {isa = PBXFileReference; lastKnownFileType = folder.assetcatalog; path = Assets.xcassets; sourceTree = "<group>"; };
		65F4927D2C1088FD00F4BCE2 /* Info.plist */ = {isa = PBXFileReference; lastKnownFileType = text.plist.xml; path = Info.plist; sourceTree = "<group>"; };
		65F4929F2C11E1F700F4BCE2 /* Models.swift */ = {isa = PBXFileReference; lastKnownFileType = sourcecode.swift; path = Models.swift; sourceTree = "<group>"; };
		65F492A12C11E34800F4BCE2 /* NetworkManager.swift */ = {isa = PBXFileReference; lastKnownFileType = sourcecode.swift; path = NetworkManager.swift; sourceTree = "<group>"; };
		65F492A32C1256BA00F4BCE2 /* APIEndpoints.swift */ = {isa = PBXFileReference; lastKnownFileType = sourcecode.swift; path = APIEndpoints.swift; sourceTree = "<group>"; };
/* End PBXFileReference section */

/* Begin PBXFrameworksBuildPhase section */
		65F492662C1088FC00F4BCE2 /* Frameworks */ = {
			isa = PBXFrameworksBuildPhase;
			buildActionMask = 2147483647;
			files = (
			);
			runOnlyForDeploymentPostprocessing = 0;
		};
/* End PBXFrameworksBuildPhase section */

/* Begin PBXGroup section */
		6558F10A2C16EA08003055C2 /* Extansions */ = {
			isa = PBXGroup;
			children = (
				6558F1082C16E980003055C2 /* UIView+Extensions.swift */,
			);
			path = Extansions;
			sourceTree = "<group>";
		};
		659F4C8E2C1C2978003B541D /* Services */ = {
			isa = PBXGroup;
			children = (
				65F492A12C11E34800F4BCE2 /* NetworkManager.swift */,
				65B20A522C1B371C00C79FCF /* StorageManager.swift */,
				65F492A32C1256BA00F4BCE2 /* APIEndpoints.swift */,
			);
			path = Services;
			sourceTree = "<group>";
		};
		659F4C8F2C1C299C003B541D /* Models */ = {
			isa = PBXGroup;
			children = (
				65F4929F2C11E1F700F4BCE2 /* Models.swift */,
			);
			path = Models;
			sourceTree = "<group>";
		};
		659F4C902C1C29BC003B541D /* Resources */ = {
			isa = PBXGroup;
			children = (
				65F492752C1088FC00F4BCE2 /* UIKitTestApp.xcdatamodeld */,
				65F492782C1088FD00F4BCE2 /* Assets.xcassets */,
			);
			name = Resources;
			sourceTree = "<group>";
		};
		659F4C912C1C29DF003B541D /* App */ = {
			isa = PBXGroup;
			children = (
				65F4926E2C1088FC00F4BCE2 /* SceneDelegate.swift */,
				65F4926C2C1088FC00F4BCE2 /* AppDelegate.swift */,
				65F4927D2C1088FD00F4BCE2 /* Info.plist */,
			);
			path = App;
			sourceTree = "<group>";
		};
		659F4C922C1C84EB003B541D /* MainModule */ = {
			isa = PBXGroup;
			children = (
				65F492702C1088FC00F4BCE2 /* MainVC.swift */,
				659F4C932C1C869C003B541D /* MainPresenter.swift */,
				659F4C952C1C8824003B541D /* MainInteractor.swift */,
				659F4C972C1C8B2D003B541D /* MainRouter.swift */,
				6558F10B2C16EC30003055C2 /* ProductCell.swift */,
			);
			path = MainModule;
			sourceTree = "<group>";
		};
		65F492602C1088FC00F4BCE2 = {
			isa = PBXGroup;
			children = (
				65F4926B2C1088FC00F4BCE2 /* UIKitTestApp */,
				65F4926A2C1088FC00F4BCE2 /* Products */,
			);
			sourceTree = "<group>";
		};
		65F4926A2C1088FC00F4BCE2 /* Products */ = {
			isa = PBXGroup;
			children = (
				65F492692C1088FC00F4BCE2 /* UIKitTestApp.app */,
			);
			name = Products;
			sourceTree = "<group>";
		};
		65F4926B2C1088FC00F4BCE2 /* UIKitTestApp */ = {
			isa = PBXGroup;
			children = (
				659F4C912C1C29DF003B541D /* App */,
				659F4C922C1C84EB003B541D /* MainModule */,
				659F4C8F2C1C299C003B541D /* Models */,
				659F4C8E2C1C2978003B541D /* Services */,
				6558F10A2C16EA08003055C2 /* Extansions */,
				659F4C902C1C29BC003B541D /* Resources */,
			);
			path = UIKitTestApp;
			sourceTree = "<group>";
		};
/* End PBXGroup section */

/* Begin PBXNativeTarget section */
		65F492682C1088FC00F4BCE2 /* UIKitTestApp */ = {
			isa = PBXNativeTarget;
			buildConfigurationList = 65F492802C1088FD00F4BCE2 /* Build configuration list for PBXNativeTarget "UIKitTestApp" */;
			buildPhases = (
				65F492652C1088FC00F4BCE2 /* Sources */,
				65F492662C1088FC00F4BCE2 /* Frameworks */,
				65F492672C1088FC00F4BCE2 /* Resources */,
			);
			buildRules = (
			);
			dependencies = (
			);
			name = UIKitTestApp;
			productName = UIKitTestApp;
			productReference = 65F492692C1088FC00F4BCE2 /* UIKitTestApp.app */;
			productType = "com.apple.product-type.application";
		};
/* End PBXNativeTarget section */

/* Begin PBXProject section */
		65F492612C1088FC00F4BCE2 /* Project object */ = {
			isa = PBXProject;
			attributes = {
				BuildIndependentTargetsInParallel = 1;
				LastSwiftUpdateCheck = 1540;
				LastUpgradeCheck = 1540;
				TargetAttributes = {
					65F492682C1088FC00F4BCE2 = {
						CreatedOnToolsVersion = 15.4;
					};
				};
			};
			buildConfigurationList = 65F492642C1088FC00F4BCE2 /* Build configuration list for PBXProject "UIKitTestApp" */;
			compatibilityVersion = "Xcode 14.0";
			developmentRegion = en;
			hasScannedForEncodings = 0;
			knownRegions = (
				en,
				Base,
			);
			mainGroup = 65F492602C1088FC00F4BCE2;
			productRefGroup = 65F4926A2C1088FC00F4BCE2 /* Products */;
			projectDirPath = "";
			projectRoot = "";
			targets = (
				65F492682C1088FC00F4BCE2 /* UIKitTestApp */,
			);
		};
/* End PBXProject section */

/* Begin PBXResourcesBuildPhase section */
		65F492672C1088FC00F4BCE2 /* Resources */ = {
			isa = PBXResourcesBuildPhase;
			buildActionMask = 2147483647;
			files = (
				65F492792C1088FD00F4BCE2 /* Assets.xcassets in Resources */,
			);
			runOnlyForDeploymentPostprocessing = 0;
		};
/* End PBXResourcesBuildPhase section */

/* Begin PBXSourcesBuildPhase section */
		65F492652C1088FC00F4BCE2 /* Sources */ = {
			isa = PBXSourcesBuildPhase;
			buildActionMask = 2147483647;
			files = (
				65F492A22C11E34800F4BCE2 /* NetworkManager.swift in Sources */,
				65F492A42C1256BA00F4BCE2 /* APIEndpoints.swift in Sources */,
				6558F10C2C16EC30003055C2 /* ProductCell.swift in Sources */,
				65F492772C1088FC00F4BCE2 /* UIKitTestApp.xcdatamodeld in Sources */,
				65F492712C1088FC00F4BCE2 /* MainVC.swift in Sources */,
				659F4C982C1C8B2D003B541D /* MainRouter.swift in Sources */,
				65F4926D2C1088FC00F4BCE2 /* AppDelegate.swift in Sources */,
				65F4926F2C1088FC00F4BCE2 /* SceneDelegate.swift in Sources */,
				65B20A532C1B371C00C79FCF /* StorageManager.swift in Sources */,
				6558F1092C16E980003055C2 /* UIView+Extensions.swift in Sources */,
				659F4C942C1C869C003B541D /* MainPresenter.swift in Sources */,
				65F492A02C11E1F700F4BCE2 /* Models.swift in Sources */,
				659F4C962C1C8824003B541D /* MainInteractor.swift in Sources */,
			);
			runOnlyForDeploymentPostprocessing = 0;
		};
/* End PBXSourcesBuildPhase section */

/* Begin XCBuildConfiguration section */
		65F4927E2C1088FD00F4BCE2 /* Debug */ = {
			isa = XCBuildConfiguration;
			buildSettings = {
				ALWAYS_SEARCH_USER_PATHS = NO;
				ASSETCATALOG_COMPILER_GENERATE_SWIFT_ASSET_SYMBOL_EXTENSIONS = YES;
				CLANG_ANALYZER_NONNULL = YES;
				CLANG_ANALYZER_NUMBER_OBJECT_CONVERSION = YES_AGGRESSIVE;
				CLANG_CXX_LANGUAGE_STANDARD = "gnu++20";
				CLANG_ENABLE_MODULES = YES;
				CLANG_ENABLE_OBJC_ARC = YES;
				CLANG_ENABLE_OBJC_WEAK = YES;
				CLANG_WARN_BLOCK_CAPTURE_AUTORELEASING = YES;
				CLANG_WARN_BOOL_CONVERSION = YES;
				CLANG_WARN_COMMA = YES;
				CLANG_WARN_CONSTANT_CONVERSION = YES;
				CLANG_WARN_DEPRECATED_OBJC_IMPLEMENTATIONS = YES;
				CLANG_WARN_DIRECT_OBJC_ISA_USAGE = YES_ERROR;
				CLANG_WARN_DOCUMENTATION_COMMENTS = YES;
				CLANG_WARN_EMPTY_BODY = YES;
				CLANG_WARN_ENUM_CONVERSION = YES;
				CLANG_WARN_INFINITE_RECURSION = YES;
				CLANG_WARN_INT_CONVERSION = YES;
				CLANG_WARN_NON_LITERAL_NULL_CONVERSION = YES;
				CLANG_WARN_OBJC_IMPLICIT_RETAIN_SELF = YES;
				CLANG_WARN_OBJC_LITERAL_CONVERSION = YES;
				CLANG_WARN_OBJC_ROOT_CLASS = YES_ERROR;
				CLANG_WARN_QUOTED_INCLUDE_IN_FRAMEWORK_HEADER = YES;
				CLANG_WARN_RANGE_LOOP_ANALYSIS = YES;
				CLANG_WARN_STRICT_PROTOTYPES = YES;
				CLANG_WARN_SUSPICIOUS_MOVE = YES;
				CLANG_WARN_UNGUARDED_AVAILABILITY = YES_AGGRESSIVE;
				CLANG_WARN_UNREACHABLE_CODE = YES;
				CLANG_WARN__DUPLICATE_METHOD_MATCH = YES;
				COPY_PHASE_STRIP = NO;
				DEBUG_INFORMATION_FORMAT = dwarf;
				ENABLE_STRICT_OBJC_MSGSEND = YES;
				ENABLE_TESTABILITY = YES;
				ENABLE_USER_SCRIPT_SANDBOXING = YES;
				GCC_C_LANGUAGE_STANDARD = gnu17;
				GCC_DYNAMIC_NO_PIC = NO;
				GCC_NO_COMMON_BLOCKS = YES;
				GCC_OPTIMIZATION_LEVEL = 0;
				GCC_PREPROCESSOR_DEFINITIONS = (
					"DEBUG=1",
					"$(inherited)",
				);
				GCC_WARN_64_TO_32_BIT_CONVERSION = YES;
				GCC_WARN_ABOUT_RETURN_TYPE = YES_ERROR;
				GCC_WARN_UNDECLARED_SELECTOR = YES;
				GCC_WARN_UNINITIALIZED_AUTOS = YES_AGGRESSIVE;
				GCC_WARN_UNUSED_FUNCTION = YES;
				GCC_WARN_UNUSED_VARIABLE = YES;
				IPHONEOS_DEPLOYMENT_TARGET = 17.5;
				LOCALIZATION_PREFERS_STRING_CATALOGS = YES;
				MTL_ENABLE_DEBUG_INFO = INCLUDE_SOURCE;
				MTL_FAST_MATH = YES;
				ONLY_ACTIVE_ARCH = YES;
				SDKROOT = iphoneos;
				SWIFT_ACTIVE_COMPILATION_CONDITIONS = "DEBUG $(inherited)";
				SWIFT_OPTIMIZATION_LEVEL = "-Onone";
			};
			name = Debug;
		};
		65F4927F2C1088FD00F4BCE2 /* Release */ = {
			isa = XCBuildConfiguration;
			buildSettings = {
				ALWAYS_SEARCH_USER_PATHS = NO;
				ASSETCATALOG_COMPILER_GENERATE_SWIFT_ASSET_SYMBOL_EXTENSIONS = YES;
				CLANG_ANALYZER_NONNULL = YES;
				CLANG_ANALYZER_NUMBER_OBJECT_CONVERSION = YES_AGGRESSIVE;
				CLANG_CXX_LANGUAGE_STANDARD = "gnu++20";
				CLANG_ENABLE_MODULES = YES;
				CLANG_ENABLE_OBJC_ARC = YES;
				CLANG_ENABLE_OBJC_WEAK = YES;
				CLANG_WARN_BLOCK_CAPTURE_AUTORELEASING = YES;
				CLANG_WARN_BOOL_CONVERSION = YES;
				CLANG_WARN_COMMA = YES;
				CLANG_WARN_CONSTANT_CONVERSION = YES;
				CLANG_WARN_DEPRECATED_OBJC_IMPLEMENTATIONS = YES;
				CLANG_WARN_DIRECT_OBJC_ISA_USAGE = YES_ERROR;
				CLANG_WARN_DOCUMENTATION_COMMENTS = YES;
				CLANG_WARN_EMPTY_BODY = YES;
				CLANG_WARN_ENUM_CONVERSION = YES;
				CLANG_WARN_INFINITE_RECURSION = YES;
				CLANG_WARN_INT_CONVERSION = YES;
				CLANG_WARN_NON_LITERAL_NULL_CONVERSION = YES;
				CLANG_WARN_OBJC_IMPLICIT_RETAIN_SELF = YES;
				CLANG_WARN_OBJC_LITERAL_CONVERSION = YES;
				CLANG_WARN_OBJC_ROOT_CLASS = YES_ERROR;
				CLANG_WARN_QUOTED_INCLUDE_IN_FRAMEWORK_HEADER = YES;
				CLANG_WARN_RANGE_LOOP_ANALYSIS = YES;
				CLANG_WARN_STRICT_PROTOTYPES = YES;
				CLANG_WARN_SUSPICIOUS_MOVE = YES;
				CLANG_WARN_UNGUARDED_AVAILABILITY = YES_AGGRESSIVE;
				CLANG_WARN_UNREACHABLE_CODE = YES;
				CLANG_WARN__DUPLICATE_METHOD_MATCH = YES;
				COPY_PHASE_STRIP = NO;
				DEBUG_INFORMATION_FORMAT = "dwarf-with-dsym";
				ENABLE_NS_ASSERTIONS = NO;
				ENABLE_STRICT_OBJC_MSGSEND = YES;
				ENABLE_USER_SCRIPT_SANDBOXING = YES;
				GCC_C_LANGUAGE_STANDARD = gnu17;
				GCC_NO_COMMON_BLOCKS = YES;
				GCC_WARN_64_TO_32_BIT_CONVERSION = YES;
				GCC_WARN_ABOUT_RETURN_TYPE = YES_ERROR;
				GCC_WARN_UNDECLARED_SELECTOR = YES;
				GCC_WARN_UNINITIALIZED_AUTOS = YES_AGGRESSIVE;
				GCC_WARN_UNUSED_FUNCTION = YES;
				GCC_WARN_UNUSED_VARIABLE = YES;
				IPHONEOS_DEPLOYMENT_TARGET = 17.5;
				LOCALIZATION_PREFERS_STRING_CATALOGS = YES;
				MTL_ENABLE_DEBUG_INFO = NO;
				MTL_FAST_MATH = YES;
				SDKROOT = iphoneos;
				SWIFT_COMPILATION_MODE = wholemodule;
				VALIDATE_PRODUCT = YES;
			};
			name = Release;
		};
		65F492812C1088FD00F4BCE2 /* Debug */ = {
			isa = XCBuildConfiguration;
			buildSettings = {
				ASSETCATALOG_COMPILER_APPICON_NAME = AppIcon;
				ASSETCATALOG_COMPILER_GLOBAL_ACCENT_COLOR_NAME = AccentColor;
				CODE_SIGN_STYLE = Automatic;
				CURRENT_PROJECT_VERSION = 1;
				DEVELOPMENT_TEAM = XSJLPH4XDX;
				GENERATE_INFOPLIST_FILE = YES;
				INFOPLIST_FILE = UIKitTestApp/App/Info.plist;
				INFOPLIST_KEY_UIApplicationSupportsIndirectInputEvents = YES;
				INFOPLIST_KEY_UILaunchStoryboardName = LaunchScreen;
				INFOPLIST_KEY_UISupportedInterfaceOrientations_iPad = "UIInterfaceOrientationPortrait UIInterfaceOrientationPortraitUpsideDown UIInterfaceOrientationLandscapeLeft UIInterfaceOrientationLandscapeRight";
				INFOPLIST_KEY_UISupportedInterfaceOrientations_iPhone = "UIInterfaceOrientationPortrait UIInterfaceOrientationLandscapeLeft UIInterfaceOrientationLandscapeRight";
				LD_RUNPATH_SEARCH_PATHS = (
					"$(inherited)",
					"@executable_path/Frameworks",
				);
				MARKETING_VERSION = 1.0;
				PRODUCT_BUNDLE_IDENTIFIER = mesaband.UIKitTestApp;
				PRODUCT_NAME = "$(TARGET_NAME)";
				SWIFT_EMIT_LOC_STRINGS = YES;
				SWIFT_VERSION = 5.0;
				TARGETED_DEVICE_FAMILY = "1,2";
			};
			name = Debug;
		};
		65F492822C1088FD00F4BCE2 /* Release */ = {
			isa = XCBuildConfiguration;
			buildSettings = {
				ASSETCATALOG_COMPILER_APPICON_NAME = AppIcon;
				ASSETCATALOG_COMPILER_GLOBAL_ACCENT_COLOR_NAME = AccentColor;
				CODE_SIGN_STYLE = Automatic;
				CURRENT_PROJECT_VERSION = 1;
				DEVELOPMENT_TEAM = XSJLPH4XDX;
				GENERATE_INFOPLIST_FILE = YES;
				INFOPLIST_FILE = UIKitTestApp/App/Info.plist;
				INFOPLIST_KEY_UIApplicationSupportsIndirectInputEvents = YES;
				INFOPLIST_KEY_UILaunchStoryboardName = LaunchScreen;
				INFOPLIST_KEY_UISupportedInterfaceOrientations_iPad = "UIInterfaceOrientationPortrait UIInterfaceOrientationPortraitUpsideDown UIInterfaceOrientationLandscapeLeft UIInterfaceOrientationLandscapeRight";
				INFOPLIST_KEY_UISupportedInterfaceOrientations_iPhone = "UIInterfaceOrientationPortrait UIInterfaceOrientationLandscapeLeft UIInterfaceOrientationLandscapeRight";
				LD_RUNPATH_SEARCH_PATHS = (
					"$(inherited)",
					"@executable_path/Frameworks",
				);
				MARKETING_VERSION = 1.0;
				PRODUCT_BUNDLE_IDENTIFIER = mesaband.UIKitTestApp;
				PRODUCT_NAME = "$(TARGET_NAME)";
				SWIFT_EMIT_LOC_STRINGS = YES;
				SWIFT_VERSION = 5.0;
				TARGETED_DEVICE_FAMILY = "1,2";
			};
			name = Release;
		};
/* End XCBuildConfiguration section */

/* Begin XCConfigurationList section */
		65F492642C1088FC00F4BCE2 /* Build configuration list for PBXProject "UIKitTestApp" */ = {
			isa = XCConfigurationList;
			buildConfigurations = (
				65F4927E2C1088FD00F4BCE2 /* Debug */,
				65F4927F2C1088FD00F4BCE2 /* Release */,
			);
			defaultConfigurationIsVisible = 0;
			defaultConfigurationName = Release;
		};
		65F492802C1088FD00F4BCE2 /* Build configuration list for PBXNativeTarget "UIKitTestApp" */ = {
			isa = XCConfigurationList;
			buildConfigurations = (
				65F492812C1088FD00F4BCE2 /* Debug */,
				65F492822C1088FD00F4BCE2 /* Release */,
			);
			defaultConfigurationIsVisible = 0;
			defaultConfigurationName = Release;
		};
/* End XCConfigurationList section */

/* Begin XCVersionGroup section */
		65F492752C1088FC00F4BCE2 /* UIKitTestApp.xcdatamodeld */ = {
			isa = XCVersionGroup;
			children = (
				65F492762C1088FC00F4BCE2 /* UIKitTestApp.xcdatamodel */,
			);
			currentVersion = 65F492762C1088FC00F4BCE2 /* UIKitTestApp.xcdatamodel */;
			path = UIKitTestApp.xcdatamodeld;
			sourceTree = "<group>";
			versionGroupType = wrapper.xcdatamodel;
		};
/* End XCVersionGroup section */
	};
	rootObject = 65F492612C1088FC00F4BCE2 /* Project object */;
}
